
Microsoft Visual Studio Solution File, Format Version 12.00
# Visual Studio Version 17
VisualStudioVersion = 17.7.34024.191
MinimumVisualStudioVersion = 10.0.40219.1
Project("{FAE04EC0-301F-11D3-BF4B-00C04F79EFBC}") = "Exceptions", "Exceptions\Exceptions.csproj", "{C4F5C908-F4D9-4EE6-BC8C-4B10E04E613B}"
EndProject
Global
	GlobalSection(SolutionConfigurationPlatforms) = preSolution
		Debug|Any CPU = Debug|Any CPU
		Release|Any CPU = Release|Any CPU
	EndGlobalSection
	GlobalSection(ProjectConfigurationPlatforms) = postSolution
		{C4F5C908-F4D9-4EE6-BC8C-4B10E04E613B}.Debug|Any CPU.ActiveCfg = Debug|Any CPU
		{C4F5C908-F4D9-4EE6-BC8C-4B10E04E613B}.Debug|Any CPU.Build.0 = Debug|Any CPU
		{C4F5C908-F4D9-4EE6-BC8C-4B10E04E613B}.Release|Any CPU.ActiveCfg = Release|Any CPU
		{C4F5C908-F4D9-4EE6-BC8C-4B10E04E613B}.Release|Any CPU.Build.0 = Release|Any CPU
	EndGlobalSection
	GlobalSection(SolutionProperties) = preSolution
		HideSolutionNode = FALSE
	EndGlobalSection
	GlobalSection(ExtensibilityGlobals) = postSolution
		SolutionGuid = {FEB16EAD-1CCE-4656-AE23-63361A5B683E}
	EndGlobalSection
EndGlobal
